{
    "_readme": [
        "This file locks the dependencies of your project to a known state",
        "Read more about it at http://getcomposer.org/doc/01-basic-usage.md#composer-lock-the-lock-file",
        "This file is @generated automatically"
    ],
    "hash": "0caf636a460f00fb002482e0f32d0277",
    "packages": [],
    "packages-dev": [
        {
            "name": "nette/tester",
            "version": "dev-master",
            "source": {
                "type": "git",
                "url": "https://github.com/nette/tester.git",
                "reference": "0e9059c051fd685d76e675efb577840b0bb6a288"
            },
            "dist": {
                "type": "zip",
                "url": "https://api.github.com/repos/nette/tester/zipball/44c9262fe2b63ddd31218f186f165e048ea6a525",
                "reference": "0e9059c051fd685d76e675efb577840b0bb6a288",
                "shasum": ""
            },
            "require": {
                "php": ">=5.3.0"
            },
            "bin": [
                "src/tester"
            ],
            "type": "library",
            "extra": {
                "branch-alias": {
                    "dev-master": "1.4-dev"
                }
            },
            "autoload": {
                "classmap": [
                    "src/"
                ]
            },
            "notification-url": "https://packagist.org/downloads/",
            "license": [
                "BSD-3-Clause",
                "GPL-2.0",
                "GPL-3.0"
            ],
            "authors": [
                {
                    "name": "David Grudl",
                    "homepage": "http://davidgrudl.com"
                },
                {
                    "name": "Nette Community",
                    "homepage": "http://nette.org/contributors"
                }
            ],
            "description": "An easy-to-use PHP unit testing framework.",
            "homepage": "http://nette.org",
            "keywords": [
                "nette",
                "testing",
                "unit"
            ],
            "time": "2015-03-27 14:19:31"
        },
        {
            "name": "ondrakoupil/testing-utils",
            "version": "dev-master",
            "source": {
                "type": "git",
                "url": "https://github.com/ondrakoupil/testing-utils.git",
                "reference": "4c2d2bf14758a9c93251ff2f0634f2bbedceeb89"
            },
            "dist": {
                "type": "zip",
                "url": "https://api.github.com/repos/ondrakoupil/testing-utils/zipball/4c2d2bf14758a9c93251ff2f0634f2bbedceeb89",
                "reference": "4c2d2bf14758a9c93251ff2f0634f2bbedceeb89",
                "shasum": ""
            },
            "require-dev": {
                "nette/tester": "^1.4",
                "ondrakoupil/tools": "*"
            },
            "type": "library",
            "autoload": {
                "psr-4": {
                    "OndraKoupil\\Testing\\": "src/"
                }
            },
            "license": [
                "MIT"
            ],
            "authors": [
                {
                    "name": "Ondřej Koupil",
                    "email": "koupil@optimato.cz"
                }
            ],
            "description": "Some testing utilities",
            "support": {
                "source": "https://github.com/ondrakoupil/testing-utils/tree/master",
                "issues": "https://github.com/ondrakoupil/testing-utils/issues"
            },
            "time": "2015-05-22 08:20:32"
        }
    ],
    "aliases": [],
    "minimum-stability": "dev",
    "stability-flags": {
        "nette/tester": 20,
        "ondrakoupil/testing-utils": 20
    },
    "prefer-stable": false,
    "prefer-lowest": false,
    "platform": [],
    "platform-dev": []
}
